{
  "name": "transformer",
  "lockfileVersion": 3,
  "requires": true,
  "packages": {
    "": {
      "dependencies": {
        "@huggingface/inference": "^4.13.12"
      }
    },
    "node_modules/@huggingface/inference": {
      "version": "4.13.12",
      "resolved": "https://registry.npmjs.org/@huggingface/inference/-/inference-4.13.12.tgz",
      "integrity": "sha512-fmv4VnQ0u1lUDPEp8iuUe+5awXIoBFGnemBBmuAKEdYmwPhLFkBHSIDPML8OPkf9rUQ4gM7ANqE5w3AqoA2hQw==",
      "license": "MIT",
      "dependencies": {
        "@huggingface/jinja": "^0.5.5",
        "@huggingface/tasks": "^0.19.83"
      },
      "engines": {
        "node": ">=18"
      }
    },
    "node_modules/@huggingface/jinja": {
      "version": "0.5.5",
      "resolved": "https://registry.npmjs.org/@huggingface/jinja/-/jinja-0.5.5.tgz",
      "integrity": "sha512-xRlzazC+QZwr6z4ixEqYHo9fgwhTZ3xNSdljlKfUFGZSdlvt166DljRELFUfFytlYOYvo3vTisA/AFOuOAzFQQ==",
      "license": "MIT",
      "engines": {
        "node": ">=18"
      }
    },
    "node_modules/@huggingface/tasks": {
      "version": "0.19.85",
      "resolved": "https://registry.npmjs.org/@huggingface/tasks/-/tasks-0.19.85.tgz",
      "integrity": "sha512-4s5+GV257GRmT7Hrt190KlGsuq53IwFtCBj+J+bvoeIpn119589wY7WY/LS5VJMLwu7pUQnouLmMKeEOKO4BSQ==",
      "license": "MIT"
    }
  }
}
